
Microsoft Visual Studio Solution File, Format Version 12.00
# Visual Studio Version 17
VisualStudioVersion = 17.14.36221.1
MinimumVisualStudioVersion = 10.0.40219.1
Project("{FAE04EC0-301F-11D3-BF4B-00C04F79EFBC}") = "FantasyWebAppDemo", "FantasyWebAppDemo\FantasyWebAppDemo.csproj", "{776D40D1-512A-457E-B97F-6AD47BEFA128}"
EndProject
Project("{FAE04EC0-301F-11D3-BF4B-00C04F79EFBC}") = "TestProject1", "TestProject1\TestProject1.csproj", "{77708710-2AE5-4F11-95E8-206ED4293078}"
EndProject
Global
	GlobalSection(SolutionConfigurationPlatforms) = preSolution
		Debug|Any CPU = Debug|Any CPU
		Release|Any CPU = Release|Any CPU
	EndGlobalSection
	GlobalSection(ProjectConfigurationPlatforms) = postSolution
		{776D40D1-512A-457E-B97F-6AD47BEFA128}.Debug|Any CPU.ActiveCfg = Debug|Any CPU
		{776D40D1-512A-457E-B97F-6AD47BEFA128}.Debug|Any CPU.Build.0 = Debug|Any CPU
		{776D40D1-512A-457E-B97F-6AD47BEFA128}.Release|Any CPU.ActiveCfg = Release|Any CPU
		{776D40D1-512A-457E-B97F-6AD47BEFA128}.Release|Any CPU.Build.0 = Release|Any CPU
		{77708710-2AE5-4F11-95E8-206ED4293078}.Debug|Any CPU.ActiveCfg = Debug|Any CPU
		{77708710-2AE5-4F11-95E8-206ED4293078}.Debug|Any CPU.Build.0 = Debug|Any CPU
		{77708710-2AE5-4F11-95E8-206ED4293078}.Release|Any CPU.ActiveCfg = Release|Any CPU
		{77708710-2AE5-4F11-95E8-206ED4293078}.Release|Any CPU.Build.0 = Release|Any CPU
	EndGlobalSection
	GlobalSection(SolutionProperties) = preSolution
		HideSolutionNode = FALSE
	EndGlobalSection
	GlobalSection(ExtensibilityGlobals) = postSolution
		SolutionGuid = {01469D51-333C-4B7B-9D19-0C1E845BB5CD}
	EndGlobalSection
EndGlobal
